
Microsoft Visual Studio Solution File, Format Version 12.00
# Visual Studio 15
VisualStudioVersion = 15.0.28307.136
MinimumVisualStudioVersion = 10.0.40219.1
Project("{FAE04EC0-301F-11D3-BF4B-00C04F79EFBC}") = "Mjadby", "Mjadby\Mjadby.csproj", "{235CEB46-BA30-4DE0-B9D1-A3321EA7105B}"
EndProject
Global
	GlobalSection(SolutionConfigurationPlatforms) = preSolution
		Debug|Any CPU = Debug|Any CPU
		Release|Any CPU = Release|Any CPU
	EndGlobalSection
	GlobalSection(ProjectConfigurationPlatforms) = postSolution
		{235CEB46-BA30-4DE0-B9D1-A3321EA7105B}.Debug|Any CPU.ActiveCfg = Debug|Any CPU
		{235CEB46-BA30-4DE0-B9D1-A3321EA7105B}.Debug|Any CPU.Build.0 = Debug|Any CPU
		{235CEB46-BA30-4DE0-B9D1-A3321EA7105B}.Release|Any CPU.ActiveCfg = Release|Any CPU
		{235CEB46-BA30-4DE0-B9D1-A3321EA7105B}.Release|Any CPU.Build.0 = Release|Any CPU
	EndGlobalSection
	GlobalSection(SolutionProperties) = preSolution
		HideSolutionNode = FALSE
	EndGlobalSection
	GlobalSection(ExtensibilityGlobals) = postSolution
		SolutionGuid = {942B93EB-3675-405C-B7BB-ECD33FC31B15}
	EndGlobalSection
EndGlobal
